github.com/bsm/ginkgo v1.16.4 h1:pkHpo2VJRvI0NGlxCYi8qovww76L7+g82MgM+UBvH4A=
github.com/bsm/ginkgo v1.16.4/go.mod h1:RabIZLzOCPghgHJKUqHZpqrQETA5AnF4aCSIYy5C1bk=
github.com/bsm/gomega v1.13.0 h1:fzOh8E2Wu/x407rP+v3mEb9yGJaMVguiJBtmFkuOmlc=
github.com/bsm/gomega v1.13.0/go.mod h1:JifAceMQ4crZIWYUKrlGcmbN3bqHogVTADMD2ATsbwk=
github.com/bsm/histogram/v3 v3.0.1 h1:A4Mg/ePJrOogj2dPa1JaQCKjFAPtNZ2mKDcdfA5EcBM=
github.com/bsm/histogram/v3 v3.0.1/go.mod h1:sInwPZRh/tt5ypyz+WBfQ0siCZMffhgiFQzvgt2ak40=
